
Microsoft Visual Studio Solution File, Format Version 12.00
# Visual Studio 14
VisualStudioVersion = 14.0.25420.1
MinimumVisualStudioVersion = 10.0.40219.1
Project("{FAE04EC0-301F-11D3-BF4B-00C04F79EFBC}") = "RedisMapper", "RedisMapper\RedisMapper.csproj", "{A9C5F00D-2BBF-493D-9FE4-1843A5813F40}"
EndProject
Project("{FAE04EC0-301F-11D3-BF4B-00C04F79EFBC}") = "RedisMapper.Demo", "RedisMapper.Demo\RedisMapper.Demo.csproj", "{87231397-2B21-4A96-8687-2992764F3DA2}"
EndProject
Global
	GlobalSection(SolutionConfigurationPlatforms) = preSolution
		Debug|Any CPU = Debug|Any CPU
		Release|Any CPU = Release|Any CPU
	EndGlobalSection
	GlobalSection(ProjectConfigurationPlatforms) = postSolution
		{A9C5F00D-2BBF-493D-9FE4-1843A5813F40}.Debug|Any CPU.ActiveCfg = Debug|Any CPU
		{A9C5F00D-2BBF-493D-9FE4-1843A5813F40}.Debug|Any CPU.Build.0 = Debug|Any CPU
		{A9C5F00D-2BBF-493D-9FE4-1843A5813F40}.Release|Any CPU.ActiveCfg = Release|Any CPU
		{A9C5F00D-2BBF-493D-9FE4-1843A5813F40}.Release|Any CPU.Build.0 = Release|Any CPU
		{87231397-2B21-4A96-8687-2992764F3DA2}.Debug|Any CPU.ActiveCfg = Debug|Any CPU
		{87231397-2B21-4A96-8687-2992764F3DA2}.Debug|Any CPU.Build.0 = Debug|Any CPU
		{87231397-2B21-4A96-8687-2992764F3DA2}.Release|Any CPU.ActiveCfg = Release|Any CPU
		{87231397-2B21-4A96-8687-2992764F3DA2}.Release|Any CPU.Build.0 = Release|Any CPU
	EndGlobalSection
	GlobalSection(SolutionProperties) = preSolution
		HideSolutionNode = FALSE
	EndGlobalSection
EndGlobal
